// !$*UTF8*$!
{
	archiveVersion = 1;
	classes = {
	};
	objectVersion = 50;
	objects = {

/* Begin PBXBuildFile section */
		22ECE41C2314D52400EA288B /* AppDelegate.swift in Sources */ = {isa = PBXBuildFile; fileRef = 22ECE41B2314D52400EA288B /* AppDelegate.swift */; };
		22ECE41E2314D52400EA288B /* ViewController.swift in Sources */ = {isa = PBXBuildFile; fileRef = 22ECE41D2314D52400EA288B /* ViewController.swift */; };
		22ECE4212314D52400EA288B /* Main.storyboard in Resources */ = {isa = PBXBuildFile; fileRef = 22ECE41F2314D52400EA288B /* Main.storyboard */; };
		22ECE4232314D52700EA288B /* Assets.xcassets in Resources */ = {isa = PBXBuildFile; fileRef = 22ECE4222314D52700EA288B /* Assets.xcassets */; };
		22ECE4262314D52700EA288B /* LaunchScreen.storyboard in Resources */ = {isa = PBXBuildFile; fileRef = 22ECE4242314D52700EA288B /* LaunchScreen.storyboard */; };
		22ECE44C231B7DD400EA288B /* OptionLauncher.swift in Sources */ = {isa = PBXBuildFile; fileRef = 22ECE44B231B7DD400EA288B /* OptionLauncher.swift */; };
		22ECE44E231B8D9300EA288B /* OptionsCell.swift in Sources */ = {isa = PBXBuildFile; fileRef = 22ECE44D231B8D9300EA288B /* OptionsCell.swift */; };
		22ECE450231B8E3100EA288B /* BaseCell.swift in Sources */ = {isa = PBXBuildFile; fileRef = 22ECE44F231B8E3100EA288B /* BaseCell.swift */; };
		22ECE452231BAFB500EA288B /* StackViewColor.swift in Sources */ = {isa = PBXBuildFile; fileRef = 22ECE451231BAFB500EA288B /* StackViewColor.swift */; };
/* End PBXBuildFile section */

/* Begin PBXFileReference section */
		22ECE4182314D52400EA288B /* TSPapp.app */ = {isa = PBXFileReference; explicitFileType = wrapper.application; includeInIndex = 0; path = TSPapp.app; sourceTree = BUILT_PRODUCTS_DIR; };
		22ECE41B2314D52400EA288B /* AppDelegate.swift */ = {isa = PBXFileReference; lastKnownFileType = sourcecode.swift; path = AppDelegate.swift; sourceTree = "<group>"; };
		22ECE41D2314D52400EA288B /* ViewController.swift */ = {isa = PBXFileReference; lastKnownFileType = sourcecode.swift; path = ViewController.swift; sourceTree = "<group>"; };
		22ECE4202314D52400EA288B /* Base */ = {isa = PBXFileReference; lastKnownFileType = file.storyboard; name = Base; path = Base.lproj/Main.storyboard; sourceTree = "<group>"; };
		22ECE4222314D52700EA288B /* Assets.xcassets */ = {isa = PBXFileReference; lastKnownFileType = folder.assetcatalog; path = Assets.xcassets; sourceTree = "<group>"; };
		22ECE4252314D52700EA288B /* Base */ = {isa = PBXFileReference; lastKnownFileType = file.storyboard; name = Base; path = Base.lproj/LaunchScreen.storyboard; sourceTree = "<group>"; };
		22ECE4272314D52700EA288B /* Info.plist */ = {isa = PBXFileReference; lastKnownFileType = text.plist.xml; path = Info.plist; sourceTree = "<group>"; };
		22ECE44B231B7DD400EA288B /* OptionLauncher.swift */ = {isa = PBXFileReference; lastKnownFileType = sourcecode.swift; path = OptionLauncher.swift; sourceTree = "<group>"; };
		22ECE44D231B8D9300EA288B /* OptionsCell.swift */ = {isa = PBXFileReference; lastKnownFileType = sourcecode.swift; path = OptionsCell.swift; sourceTree = "<group>"; };
		22ECE44F231B8E3100EA288B /* BaseCell.swift */ = {isa = PBXFileReference; lastKnownFileType = sourcecode.swift; path = BaseCell.swift; sourceTree = "<group>"; };
		22ECE451231BAFB500EA288B /* StackViewColor.swift */ = {isa = PBXFileReference; lastKnownFileType = sourcecode.swift; path = StackViewColor.swift; sourceTree = "<group>"; };
/* End PBXFileReference section */

/* Begin PBXFrameworksBuildPhase section */
		22ECE4152314D52400EA288B /* Frameworks */ = {
			isa = PBXFrameworksBuildPhase;
			buildActionMask = 2147483647;
			files = (
			);
			runOnlyForDeploymentPostprocessing = 0;
		};
/* End PBXFrameworksBuildPhase section */

/* Begin PBXGroup section */
		22ECE40F2314D52400EA288B = {
			isa = PBXGroup;
			children = (
				22ECE41A2314D52400EA288B /* TSPapp */,
				22ECE4192314D52400EA288B /* Products */,
			);
			sourceTree = "<group>";
		};
		22ECE4192314D52400EA288B /* Products */ = {
			isa = PBXGroup;
			children = (
				22ECE4182314D52400EA288B /* TSPapp.app */,
			);
			name = Products;
			sourceTree = "<group>";
		};
		22ECE41A2314D52400EA288B /* TSPapp */ = {
			isa = PBXGroup;
			children = (
				22ECE41B2314D52400EA288B /* AppDelegate.swift */,
				22ECE41D2314D52400EA288B /* ViewController.swift */,
				22ECE41F2314D52400EA288B /* Main.storyboard */,
				22ECE4222314D52700EA288B /* Assets.xcassets */,
				22ECE4242314D52700EA288B /* LaunchScreen.storyboard */,
				22ECE4272314D52700EA288B /* Info.plist */,
				22ECE44B231B7DD400EA288B /* OptionLauncher.swift */,
				22ECE44D231B8D9300EA288B /* OptionsCell.swift */,
				22ECE44F231B8E3100EA288B /* BaseCell.swift */,
				22ECE451231BAFB500EA288B /* StackViewColor.swift */,
			);
			path = TSPapp;
			sourceTree = "<group>";
		};
/* End PBXGroup section */

/* Begin PBXNativeTarget section */
		22ECE4172314D52400EA288B /* TSPapp */ = {
			isa = PBXNativeTarget;
			buildConfigurationList = 22ECE42A2314D52700EA288B /* Build configuration list for PBXNativeTarget "TSPapp" */;
			buildPhases = (
				22ECE4142314D52400EA288B /* Sources */,
				22ECE4152314D52400EA288B /* Frameworks */,
				22ECE4162314D52400EA288B /* Resources */,
			);
			buildRules = (
			);
			dependencies = (
			);
			name = TSPapp;
			productName = TSPapp;
			productReference = 22ECE4182314D52400EA288B /* TSPapp.app */;
			productType = "com.apple.product-type.application";
		};
/* End PBXNativeTarget section */

/* Begin PBXProject section */
		22ECE4102314D52400EA288B /* Project object */ = {
			isa = PBXProject;
			attributes = {
				LastSwiftUpdateCheck = 1030;
				LastUpgradeCheck = 1030;
				ORGANIZATIONNAME = "Adnan Shoukfeh";
				TargetAttributes = {
					22ECE4172314D52400EA288B = {
						CreatedOnToolsVersion = 10.3;
					};
				};
			};
			buildConfigurationList = 22ECE4132314D52400EA288B /* Build configuration list for PBXProject "TSPapp" */;
			compatibilityVersion = "Xcode 9.3";
			developmentRegion = en;
			hasScannedForEncodings = 0;
			knownRegions = (
				en,
				Base,
			);
			mainGroup = 22ECE40F2314D52400EA288B;
			productRefGroup = 22ECE4192314D52400EA288B /* Products */;
			projectDirPath = "";
			projectRoot = "";
			targets = (
				22ECE4172314D52400EA288B /* TSPapp */,
			);
		};
/* End PBXProject section */

/* Begin PBXResourcesBuildPhase section */
		22ECE4162314D52400EA288B /* Resources */ = {
			isa = PBXResourcesBuildPhase;
			buildActionMask = 2147483647;
			files = (
				22ECE4262314D52700EA288B /* LaunchScreen.storyboard in Resources */,
				22ECE4232314D52700EA288B /* Assets.xcassets in Resources */,
				22ECE4212314D52400EA288B /* Main.storyboard in Resources */,
			);
			runOnlyForDeploymentPostprocessing = 0;
		};
/* End PBXResourcesBuildPhase section */

/* Begin PBXSourcesBuildPhase section */
		22ECE4142314D52400EA288B /* Sources */ = {
			isa = PBXSourcesBuildPhase;
			buildActionMask = 2147483647;
			files = (
				22ECE44E231B8D9300EA288B /* OptionsCell.swift in Sources */,
				22ECE452231BAFB500EA288B /* StackViewColor.swift in Sources */,
				22ECE41E2314D52400EA288B /* ViewController.swift in Sources */,
				22ECE41C2314D52400EA288B /* AppDelegate.swift in Sources */,
				22ECE450231B8E3100EA288B /* BaseCell.swift in Sources */,
				22ECE44C231B7DD400EA288B /* OptionLauncher.swift in Sources */,
			);
			runOnlyForDeploymentPostprocessing = 0;
		};
/* End PBXSourcesBuildPhase section */

/* Begin PBXVariantGroup section */
		22ECE41F2314D52400EA288B /* Main.storyboard */ = {
			isa = PBXVariantGroup;
			children = (
				22ECE4202314D52400EA288B /* Base */,
			);
			name = Main.storyboard;
			sourceTree = "<group>";
		};
		22ECE4242314D52700EA288B /* LaunchScreen.storyboard */ = {
			isa = PBXVariantGroup;
			children = (
				22ECE4252314D52700EA288B /* Base */,
			);
			name = LaunchScreen.storyboard;
			sourceTree = "<group>";
		};
/* End PBXVariantGroup section */

/* Begin XCBuildConfiguration section */
		22ECE4282314D52700EA288B /* Debug */ = {
			isa = XCBuildConfiguration;
			buildSettings = {
				ALWAYS_SEARCH_USER_PATHS = NO;
				CLANG_ANALYZER_NONNULL = YES;
				CLANG_ANALYZER_NUMBER_OBJECT_CONVERSION = YES_AGGRESSIVE;
				CLANG_CXX_LANGUAGE_STANDARD = "gnu++14";
				CLANG_CXX_LIBRARY = "libc++";
				CLANG_ENABLE_MODULES = YES;
				CLANG_ENABLE_OBJC_ARC = YES;
				CLANG_ENABLE_OBJC_WEAK = YES;
				CLANG_WARN_BLOCK_CAPTURE_AUTORELEASING = YES;
				CLANG_WARN_BOOL_CONVERSION = YES;
				CLANG_WARN_COMMA = YES;
				CLANG_WARN_CONSTANT_CONVERSION = YES;
				CLANG_WARN_DEPRECATED_OBJC_IMPLEMENTATIONS = YES;
				CLANG_WARN_DIRECT_OBJC_ISA_USAGE = YES_ERROR;
				CLANG_WARN_DOCUMENTATION_COMMENTS = YES;
				CLANG_WARN_EMPTY_BODY = YES;
				CLANG_WARN_ENUM_CONVERSION = YES;
				CLANG_WARN_INFINITE_RECURSION = YES;
				CLANG_WARN_INT_CONVERSION = YES;
				CLANG_WARN_NON_LITERAL_NULL_CONVERSION = YES;
				CLANG_WARN_OBJC_IMPLICIT_RETAIN_SELF = YES;
				CLANG_WARN_OBJC_LITERAL_CONVERSION = YES;
				CLANG_WARN_OBJC_ROOT_CLASS = YES_ERROR;
				CLANG_WARN_RANGE_LOOP_ANALYSIS = YES;
				CLANG_WARN_STRICT_PROTOTYPES = YES;
				CLANG_WARN_SUSPICIOUS_MOVE = YES;
				CLANG_WARN_UNGUARDED_AVAILABILITY = YES_AGGRESSIVE;
				CLANG_WARN_UNREACHABLE_CODE = YES;
				CLANG_WARN__DUPLICATE_METHOD_MATCH = YES;
				CODE_SIGN_IDENTITY = "iPhone Developer";
				COPY_PHASE_STRIP = NO;
				DEBUG_INFORMATION_FORMAT = dwarf;
				ENABLE_STRICT_OBJC_MSGSEND = YES;
				ENABLE_TESTABILITY = YES;
				GCC_C_LANGUAGE_STANDARD = gnu11;
				GCC_DYNAMIC_NO_PIC = NO;
				GCC_NO_COMMON_BLOCKS = YES;
				GCC_OPTIMIZATION_LEVEL = 0;
				GCC_PREPROCESSOR_DEFINITIONS = (
					"DEBUG=1",
					"$(inherited)",
				);
				GCC_WARN_64_TO_32_BIT_CONVERSION = YES;
				GCC_WARN_ABOUT_RETURN_TYPE = YES_ERROR;
				GCC_WARN_UNDECLARED_SELECTOR = YES;
				GCC_WARN_UNINITIALIZED_AUTOS = YES_AGGRESSIVE;
				GCC_WARN_UNUSED_FUNCTION = YES;
				GCC_WARN_UNUSED_VARIABLE = YES;
				IPHONEOS_DEPLOYMENT_TARGET = 12.4;
				MTL_ENABLE_DEBUG_INFO = INCLUDE_SOURCE;
				MTL_FAST_MATH = YES;
				ONLY_ACTIVE_ARCH = YES;
				SDKROOT = iphoneos;
				SWIFT_ACTIVE_COMPILATION_CONDITIONS = DEBUG;
				SWIFT_OPTIMIZATION_LEVEL = "-Onone";
			};
			name = Debug;
		};
		22ECE4292314D52700EA288B /* Release */ = {
			isa = XCBuildConfiguration;
			buildSettings = {
				ALWAYS_SEARCH_USER_PATHS = NO;
				CLANG_ANALYZER_NONNULL = YES;
				CLANG_ANALYZER_NUMBER_OBJECT_CONVERSION = YES_AGGRESSIVE;
				CLANG_CXX_LANGUAGE_STANDARD = "gnu++14";
				CLANG_CXX_LIBRARY = "libc++";
				CLANG_ENABLE_MODULES = YES;
				CLANG_ENABLE_OBJC_ARC = YES;
				CLANG_ENABLE_OBJC_WEAK = YES;
				CLANG_WARN_BLOCK_CAPTURE_AUTORELEASING = YES;
				CLANG_WARN_BOOL_CONVERSION = YES;
				CLANG_WARN_COMMA = YES;
				CLANG_WARN_CONSTANT_CONVERSION = YES;
				CLANG_WARN_DEPRECATED_OBJC_IMPLEMENTATIONS = YES;
				CLANG_WARN_DIRECT_OBJC_ISA_USAGE = YES_ERROR;
				CLANG_WARN_DOCUMENTATION_COMMENTS = YES;
				CLANG_WARN_EMPTY_BODY = YES;
				CLANG_WARN_ENUM_CONVERSION = YES;
				CLANG_WARN_INFINITE_RECURSION = YES;
				CLANG_WARN_INT_CONVERSION = YES;
				CLANG_WARN_NON_LITERAL_NULL_CONVERSION = YES;
				CLANG_WARN_OBJC_IMPLICIT_RETAIN_SELF = YES;
				CLANG_WARN_OBJC_LITERAL_CONVERSION = YES;
				CLANG_WARN_OBJC_ROOT_CLASS = YES_ERROR;
				CLANG_WARN_RANGE_LOOP_ANALYSIS = YES;
				CLANG_WARN_STRICT_PROTOTYPES = YES;
				CLANG_WARN_SUSPICIOUS_MOVE = YES;
				CLANG_WARN_UNGUARDED_AVAILABILITY = YES_AGGRESSIVE;
				CLANG_WARN_UNREACHABLE_CODE = YES;
				CLANG_WARN__DUPLICATE_METHOD_MATCH = YES;
				CODE_SIGN_IDENTITY = "iPhone Developer";
				COPY_PHASE_STRIP = NO;
				DEBUG_INFORMATION_FORMAT = "dwarf-with-dsym";
				ENABLE_NS_ASSERTIONS = NO;
				ENABLE_STRICT_OBJC_MSGSEND = YES;
				GCC_C_LANGUAGE_STANDARD = gnu11;
				GCC_NO_COMMON_BLOCKS = YES;
				GCC_WARN_64_TO_32_BIT_CONVERSION = YES;
				GCC_WARN_ABOUT_RETURN_TYPE = YES_ERROR;
				GCC_WARN_UNDECLARED_SELECTOR = YES;
				GCC_WARN_UNINITIALIZED_AUTOS = YES_AGGRESSIVE;
				GCC_WARN_UNUSED_FUNCTION = YES;
				GCC_WARN_UNUSED_VARIABLE = YES;
				IPHONEOS_DEPLOYMENT_TARGET = 12.4;
				MTL_ENABLE_DEBUG_INFO = NO;
				MTL_FAST_MATH = YES;
				SDKROOT = iphoneos;
				SWIFT_COMPILATION_MODE = wholemodule;
				SWIFT_OPTIMIZATION_LEVEL = "-O";
				VALIDATE_PRODUCT = YES;
			};
			name = Release;
		};
		22ECE42B2314D52700EA288B /* Debug */ = {
			isa = XCBuildConfiguration;
			buildSettings = {
				ASSETCATALOG_COMPILER_APPICON_NAME = AppIcon;
				CODE_SIGN_STYLE = Automatic;
				DEVELOPMENT_TEAM = H3ULJK6JL7;
				INFOPLIST_FILE = TSPapp/Info.plist;
				LD_RUNPATH_SEARCH_PATHS = (
					"$(inherited)",
					"@executable_path/Frameworks",
				);
				PRODUCT_BUNDLE_IDENTIFIER = adnanshoukfeh.TSPapp;
				PRODUCT_NAME = "$(TARGET_NAME)";
				SWIFT_VERSION = 5.0;
				TARGETED_DEVICE_FAMILY = "1,2";
			};
			name = Debug;
		};
		22ECE42C2314D52700EA288B /* Release */ = {
			isa = XCBuildConfiguration;
			buildSettings = {
				ASSETCATALOG_COMPILER_APPICON_NAME = AppIcon;
				CODE_SIGN_STYLE = Automatic;
				DEVELOPMENT_TEAM = H3ULJK6JL7;
				INFOPLIST_FILE = TSPapp/Info.plist;
				LD_RUNPATH_SEARCH_PATHS = (
					"$(inherited)",
					"@executable_path/Frameworks",
				);
				PRODUCT_BUNDLE_IDENTIFIER = adnanshoukfeh.TSPapp;
				PRODUCT_NAME = "$(TARGET_NAME)";
				SWIFT_VERSION = 5.0;
				TARGETED_DEVICE_FAMILY = "1,2";
			};
			name = Release;
		};
/* End XCBuildConfiguration section */

/* Begin XCConfigurationList section */
		22ECE4132314D52400EA288B /* Build configuration list for PBXProject "TSPapp" */ = {
			isa = XCConfigurationList;
			buildConfigurations = (
				22ECE4282314D52700EA288B /* Debug */,
				22ECE4292314D52700EA288B /* Release */,
			);
			defaultConfigurationIsVisible = 0;
			defaultConfigurationName = Release;
		};
		22ECE42A2314D52700EA288B /* Build configuration list for PBXNativeTarget "TSPapp" */ = {
			isa = XCConfigurationList;
			buildConfigurations = (
				22ECE42B2314D52700EA288B /* Debug */,
				22ECE42C2314D52700EA288B /* Release */,
			);
			defaultConfigurationIsVisible = 0;
			defaultConfigurationName = Release;
		};
/* End XCConfigurationList section */
	};
	rootObject = 22ECE4102314D52400EA288B /* Project object */;
}
