// !$*UTF8*$!
{
	archiveVersion = 1;
	classes = {
	};
	objectVersion = 50;
	objects = {

/* Begin PBXBuildFile section */
		22ECE460231CD24600EA288B /* AppDelegate.swift in Sources */ = {isa = PBXBuildFile; fileRef = 22ECE45F231CD24600EA288B /* AppDelegate.swift */; };
		22ECE462231CD24600EA288B /* ViewController.swift in Sources */ = {isa = PBXBuildFile; fileRef = 22ECE461231CD24600EA288B /* ViewController.swift */; };
		22ECE465231CD24600EA288B /* Main.storyboard in Resources */ = {isa = PBXBuildFile; fileRef = 22ECE463231CD24600EA288B /* Main.storyboard */; };
		22ECE467231CD24900EA288B /* Assets.xcassets in Resources */ = {isa = PBXBuildFile; fileRef = 22ECE466231CD24900EA288B /* Assets.xcassets */; };
		22ECE46A231CD24900EA288B /* LaunchScreen.storyboard in Resources */ = {isa = PBXBuildFile; fileRef = 22ECE468231CD24900EA288B /* LaunchScreen.storyboard */; };
		22ECE472231CD29300EA288B /* AddDestinationView.swift in Sources */ = {isa = PBXBuildFile; fileRef = 22ECE471231CD29300EA288B /* AddDestinationView.swift */; };
/* End PBXBuildFile section */

/* Begin PBXFileReference section */
		22ECE45C231CD24600EA288B /* TSPappV2.app */ = {isa = PBXFileReference; explicitFileType = wrapper.application; includeInIndex = 0; path = TSPappV2.app; sourceTree = BUILT_PRODUCTS_DIR; };
		22ECE45F231CD24600EA288B /* AppDelegate.swift */ = {isa = PBXFileReference; lastKnownFileType = sourcecode.swift; path = AppDelegate.swift; sourceTree = "<group>"; };
		22ECE461231CD24600EA288B /* ViewController.swift */ = {isa = PBXFileReference; lastKnownFileType = sourcecode.swift; path = ViewController.swift; sourceTree = "<group>"; };
		22ECE464231CD24600EA288B /* Base */ = {isa = PBXFileReference; lastKnownFileType = file.storyboard; name = Base; path = Base.lproj/Main.storyboard; sourceTree = "<group>"; };
		22ECE466231CD24900EA288B /* Assets.xcassets */ = {isa = PBXFileReference; lastKnownFileType = folder.assetcatalog; path = Assets.xcassets; sourceTree = "<group>"; };
		22ECE469231CD24900EA288B /* Base */ = {isa = PBXFileReference; lastKnownFileType = file.storyboard; name = Base; path = Base.lproj/LaunchScreen.storyboard; sourceTree = "<group>"; };
		22ECE46B231CD24900EA288B /* Info.plist */ = {isa = PBXFileReference; lastKnownFileType = text.plist.xml; path = Info.plist; sourceTree = "<group>"; };
		22ECE471231CD29300EA288B /* AddDestinationView.swift */ = {isa = PBXFileReference; lastKnownFileType = sourcecode.swift; path = AddDestinationView.swift; sourceTree = "<group>"; };
/* End PBXFileReference section */

/* Begin PBXFrameworksBuildPhase section */
		22ECE459231CD24600EA288B /* Frameworks */ = {
			isa = PBXFrameworksBuildPhase;
			buildActionMask = 2147483647;
			files = (
			);
			runOnlyForDeploymentPostprocessing = 0;
		};
/* End PBXFrameworksBuildPhase section */

/* Begin PBXGroup section */
		22ECE453231CD24600EA288B = {
			isa = PBXGroup;
			children = (
				22ECE45E231CD24600EA288B /* TSPappV2 */,
				22ECE45D231CD24600EA288B /* Products */,
			);
			sourceTree = "<group>";
		};
		22ECE45D231CD24600EA288B /* Products */ = {
			isa = PBXGroup;
			children = (
				22ECE45C231CD24600EA288B /* TSPappV2.app */,
			);
			name = Products;
			sourceTree = "<group>";
		};
		22ECE45E231CD24600EA288B /* TSPappV2 */ = {
			isa = PBXGroup;
			children = (
				22ECE45F231CD24600EA288B /* AppDelegate.swift */,
				22ECE461231CD24600EA288B /* ViewController.swift */,
				22ECE463231CD24600EA288B /* Main.storyboard */,
				22ECE466231CD24900EA288B /* Assets.xcassets */,
				22ECE468231CD24900EA288B /* LaunchScreen.storyboard */,
				22ECE46B231CD24900EA288B /* Info.plist */,
				22ECE471231CD29300EA288B /* AddDestinationView.swift */,
			);
			path = TSPappV2;
			sourceTree = "<group>";
		};
/* End PBXGroup section */

/* Begin PBXNativeTarget section */
		22ECE45B231CD24600EA288B /* TSPappV2 */ = {
			isa = PBXNativeTarget;
			buildConfigurationList = 22ECE46E231CD24900EA288B /* Build configuration list for PBXNativeTarget "TSPappV2" */;
			buildPhases = (
				22ECE458231CD24600EA288B /* Sources */,
				22ECE459231CD24600EA288B /* Frameworks */,
				22ECE45A231CD24600EA288B /* Resources */,
			);
			buildRules = (
			);
			dependencies = (
			);
			name = TSPappV2;
			productName = TSPappV2;
			productReference = 22ECE45C231CD24600EA288B /* TSPappV2.app */;
			productType = "com.apple.product-type.application";
		};
/* End PBXNativeTarget section */

/* Begin PBXProject section */
		22ECE454231CD24600EA288B /* Project object */ = {
			isa = PBXProject;
			attributes = {
				LastSwiftUpdateCheck = 1030;
				LastUpgradeCheck = 1030;
				ORGANIZATIONNAME = "Adnan Shoukfeh";
				TargetAttributes = {
					22ECE45B231CD24600EA288B = {
						CreatedOnToolsVersion = 10.3;
					};
				};
			};
			buildConfigurationList = 22ECE457231CD24600EA288B /* Build configuration list for PBXProject "TSPappV2" */;
			compatibilityVersion = "Xcode 9.3";
			developmentRegion = en;
			hasScannedForEncodings = 0;
			knownRegions = (
				en,
				Base,
			);
			mainGroup = 22ECE453231CD24600EA288B;
			productRefGroup = 22ECE45D231CD24600EA288B /* Products */;
			projectDirPath = "";
			projectRoot = "";
			targets = (
				22ECE45B231CD24600EA288B /* TSPappV2 */,
			);
		};
/* End PBXProject section */

/* Begin PBXResourcesBuildPhase section */
		22ECE45A231CD24600EA288B /* Resources */ = {
			isa = PBXResourcesBuildPhase;
			buildActionMask = 2147483647;
			files = (
				22ECE46A231CD24900EA288B /* LaunchScreen.storyboard in Resources */,
				22ECE467231CD24900EA288B /* Assets.xcassets in Resources */,
				22ECE465231CD24600EA288B /* Main.storyboard in Resources */,
			);
			runOnlyForDeploymentPostprocessing = 0;
		};
/* End PBXResourcesBuildPhase section */

/* Begin PBXSourcesBuildPhase section */
		22ECE458231CD24600EA288B /* Sources */ = {
			isa = PBXSourcesBuildPhase;
			buildActionMask = 2147483647;
			files = (
				22ECE462231CD24600EA288B /* ViewController.swift in Sources */,
				22ECE460231CD24600EA288B /* AppDelegate.swift in Sources */,
				22ECE472231CD29300EA288B /* AddDestinationView.swift in Sources */,
			);
			runOnlyForDeploymentPostprocessing = 0;
		};
/* End PBXSourcesBuildPhase section */

/* Begin PBXVariantGroup section */
		22ECE463231CD24600EA288B /* Main.storyboard */ = {
			isa = PBXVariantGroup;
			children = (
				22ECE464231CD24600EA288B /* Base */,
			);
			name = Main.storyboard;
			sourceTree = "<group>";
		};
		22ECE468231CD24900EA288B /* LaunchScreen.storyboard */ = {
			isa = PBXVariantGroup;
			children = (
				22ECE469231CD24900EA288B /* Base */,
			);
			name = LaunchScreen.storyboard;
			sourceTree = "<group>";
		};
/* End PBXVariantGroup section */

/* Begin XCBuildConfiguration section */
		22ECE46C231CD24900EA288B /* Debug */ = {
			isa = XCBuildConfiguration;
			buildSettings = {
				ALWAYS_SEARCH_USER_PATHS = NO;
				CLANG_ANALYZER_NONNULL = YES;
				CLANG_ANALYZER_NUMBER_OBJECT_CONVERSION = YES_AGGRESSIVE;
				CLANG_CXX_LANGUAGE_STANDARD = "gnu++14";
				CLANG_CXX_LIBRARY = "libc++";
				CLANG_ENABLE_MODULES = YES;
				CLANG_ENABLE_OBJC_ARC = YES;
				CLANG_ENABLE_OBJC_WEAK = YES;
				CLANG_WARN_BLOCK_CAPTURE_AUTORELEASING = YES;
				CLANG_WARN_BOOL_CONVERSION = YES;
				CLANG_WARN_COMMA = YES;
				CLANG_WARN_CONSTANT_CONVERSION = YES;
				CLANG_WARN_DEPRECATED_OBJC_IMPLEMENTATIONS = YES;
				CLANG_WARN_DIRECT_OBJC_ISA_USAGE = YES_ERROR;
				CLANG_WARN_DOCUMENTATION_COMMENTS = YES;
				CLANG_WARN_EMPTY_BODY = YES;
				CLANG_WARN_ENUM_CONVERSION = YES;
				CLANG_WARN_INFINITE_RECURSION = YES;
				CLANG_WARN_INT_CONVERSION = YES;
				CLANG_WARN_NON_LITERAL_NULL_CONVERSION = YES;
				CLANG_WARN_OBJC_IMPLICIT_RETAIN_SELF = YES;
				CLANG_WARN_OBJC_LITERAL_CONVERSION = YES;
				CLANG_WARN_OBJC_ROOT_CLASS = YES_ERROR;
				CLANG_WARN_RANGE_LOOP_ANALYSIS = YES;
				CLANG_WARN_STRICT_PROTOTYPES = YES;
				CLANG_WARN_SUSPICIOUS_MOVE = YES;
				CLANG_WARN_UNGUARDED_AVAILABILITY = YES_AGGRESSIVE;
				CLANG_WARN_UNREACHABLE_CODE = YES;
				CLANG_WARN__DUPLICATE_METHOD_MATCH = YES;
				CODE_SIGN_IDENTITY = "iPhone Developer";
				COPY_PHASE_STRIP = NO;
				DEBUG_INFORMATION_FORMAT = dwarf;
				ENABLE_STRICT_OBJC_MSGSEND = YES;
				ENABLE_TESTABILITY = YES;
				GCC_C_LANGUAGE_STANDARD = gnu11;
				GCC_DYNAMIC_NO_PIC = NO;
				GCC_NO_COMMON_BLOCKS = YES;
				GCC_OPTIMIZATION_LEVEL = 0;
				GCC_PREPROCESSOR_DEFINITIONS = (
					"DEBUG=1",
					"$(inherited)",
				);
				GCC_WARN_64_TO_32_BIT_CONVERSION = YES;
				GCC_WARN_ABOUT_RETURN_TYPE = YES_ERROR;
				GCC_WARN_UNDECLARED_SELECTOR = YES;
				GCC_WARN_UNINITIALIZED_AUTOS = YES_AGGRESSIVE;
				GCC_WARN_UNUSED_FUNCTION = YES;
				GCC_WARN_UNUSED_VARIABLE = YES;
				IPHONEOS_DEPLOYMENT_TARGET = 12.4;
				MTL_ENABLE_DEBUG_INFO = INCLUDE_SOURCE;
				MTL_FAST_MATH = YES;
				ONLY_ACTIVE_ARCH = YES;
				SDKROOT = iphoneos;
				SWIFT_ACTIVE_COMPILATION_CONDITIONS = DEBUG;
				SWIFT_OPTIMIZATION_LEVEL = "-Onone";
			};
			name = Debug;
		};
		22ECE46D231CD24900EA288B /* Release */ = {
			isa = XCBuildConfiguration;
			buildSettings = {
				ALWAYS_SEARCH_USER_PATHS = NO;
				CLANG_ANALYZER_NONNULL = YES;
				CLANG_ANALYZER_NUMBER_OBJECT_CONVERSION = YES_AGGRESSIVE;
				CLANG_CXX_LANGUAGE_STANDARD = "gnu++14";
				CLANG_CXX_LIBRARY = "libc++";
				CLANG_ENABLE_MODULES = YES;
				CLANG_ENABLE_OBJC_ARC = YES;
				CLANG_ENABLE_OBJC_WEAK = YES;
				CLANG_WARN_BLOCK_CAPTURE_AUTORELEASING = YES;
				CLANG_WARN_BOOL_CONVERSION = YES;
				CLANG_WARN_COMMA = YES;
				CLANG_WARN_CONSTANT_CONVERSION = YES;
				CLANG_WARN_DEPRECATED_OBJC_IMPLEMENTATIONS = YES;
				CLANG_WARN_DIRECT_OBJC_ISA_USAGE = YES_ERROR;
				CLANG_WARN_DOCUMENTATION_COMMENTS = YES;
				CLANG_WARN_EMPTY_BODY = YES;
				CLANG_WARN_ENUM_CONVERSION = YES;
				CLANG_WARN_INFINITE_RECURSION = YES;
				CLANG_WARN_INT_CONVERSION = YES;
				CLANG_WARN_NON_LITERAL_NULL_CONVERSION = YES;
				CLANG_WARN_OBJC_IMPLICIT_RETAIN_SELF = YES;
				CLANG_WARN_OBJC_LITERAL_CONVERSION = YES;
				CLANG_WARN_OBJC_ROOT_CLASS = YES_ERROR;
				CLANG_WARN_RANGE_LOOP_ANALYSIS = YES;
				CLANG_WARN_STRICT_PROTOTYPES = YES;
				CLANG_WARN_SUSPICIOUS_MOVE = YES;
				CLANG_WARN_UNGUARDED_AVAILABILITY = YES_AGGRESSIVE;
				CLANG_WARN_UNREACHABLE_CODE = YES;
				CLANG_WARN__DUPLICATE_METHOD_MATCH = YES;
				CODE_SIGN_IDENTITY = "iPhone Developer";
				COPY_PHASE_STRIP = NO;
				DEBUG_INFORMATION_FORMAT = "dwarf-with-dsym";
				ENABLE_NS_ASSERTIONS = NO;
				ENABLE_STRICT_OBJC_MSGSEND = YES;
				GCC_C_LANGUAGE_STANDARD = gnu11;
				GCC_NO_COMMON_BLOCKS = YES;
				GCC_WARN_64_TO_32_BIT_CONVERSION = YES;
				GCC_WARN_ABOUT_RETURN_TYPE = YES_ERROR;
				GCC_WARN_UNDECLARED_SELECTOR = YES;
				GCC_WARN_UNINITIALIZED_AUTOS = YES_AGGRESSIVE;
				GCC_WARN_UNUSED_FUNCTION = YES;
				GCC_WARN_UNUSED_VARIABLE = YES;
				IPHONEOS_DEPLOYMENT_TARGET = 12.4;
				MTL_ENABLE_DEBUG_INFO = NO;
				MTL_FAST_MATH = YES;
				SDKROOT = iphoneos;
				SWIFT_COMPILATION_MODE = wholemodule;
				SWIFT_OPTIMIZATION_LEVEL = "-O";
				VALIDATE_PRODUCT = YES;
			};
			name = Release;
		};
		22ECE46F231CD24900EA288B /* Debug */ = {
			isa = XCBuildConfiguration;
			buildSettings = {
				ASSETCATALOG_COMPILER_APPICON_NAME = AppIcon;
				CODE_SIGN_STYLE = Automatic;
				DEVELOPMENT_TEAM = H3ULJK6JL7;
				INFOPLIST_FILE = TSPappV2/Info.plist;
				LD_RUNPATH_SEARCH_PATHS = (
					"$(inherited)",
					"@executable_path/Frameworks",
				);
				PRODUCT_BUNDLE_IDENTIFIER = adnanshoukfeh.TSPappV2;
				PRODUCT_NAME = "$(TARGET_NAME)";
				SWIFT_VERSION = 5.0;
				TARGETED_DEVICE_FAMILY = "1,2";
			};
			name = Debug;
		};
		22ECE470231CD24900EA288B /* Release */ = {
			isa = XCBuildConfiguration;
			buildSettings = {
				ASSETCATALOG_COMPILER_APPICON_NAME = AppIcon;
				CODE_SIGN_STYLE = Automatic;
				DEVELOPMENT_TEAM = H3ULJK6JL7;
				INFOPLIST_FILE = TSPappV2/Info.plist;
				LD_RUNPATH_SEARCH_PATHS = (
					"$(inherited)",
					"@executable_path/Frameworks",
				);
				PRODUCT_BUNDLE_IDENTIFIER = adnanshoukfeh.TSPappV2;
				PRODUCT_NAME = "$(TARGET_NAME)";
				SWIFT_VERSION = 5.0;
				TARGETED_DEVICE_FAMILY = "1,2";
			};
			name = Release;
		};
/* End XCBuildConfiguration section */

/* Begin XCConfigurationList section */
		22ECE457231CD24600EA288B /* Build configuration list for PBXProject "TSPappV2" */ = {
			isa = XCConfigurationList;
			buildConfigurations = (
				22ECE46C231CD24900EA288B /* Debug */,
				22ECE46D231CD24900EA288B /* Release */,
			);
			defaultConfigurationIsVisible = 0;
			defaultConfigurationName = Release;
		};
		22ECE46E231CD24900EA288B /* Build configuration list for PBXNativeTarget "TSPappV2" */ = {
			isa = XCConfigurationList;
			buildConfigurations = (
				22ECE46F231CD24900EA288B /* Debug */,
				22ECE470231CD24900EA288B /* Release */,
			);
			defaultConfigurationIsVisible = 0;
			defaultConfigurationName = Release;
		};
/* End XCConfigurationList section */
	};
	rootObject = 22ECE454231CD24600EA288B /* Project object */;
}
